
Microsoft Visual Studio Solution File, Format Version 11.00
# Visual Studio 2010
Project("{FAE04EC0-301F-11D3-BF4B-00C04F79EFBC}") = "Assembly-CSharp", "Assembly-CSharp.csproj", "{47734AAB-56C6-2E3C-EA3B-8E668361635E}"
EndProject
Project("{FAE04EC0-301F-11D3-BF4B-00C04F79EFBC}") = "sc.vegetationspawner.runtime", "sc.vegetationspawner.runtime.csproj", "{1653EAB6-35B4-7C49-456C-D4998A7745D4}"
EndProject
Project("{FAE04EC0-301F-11D3-BF4B-00C04F79EFBC}") = "Assembly-CSharp-Editor", "Assembly-CSharp-Editor.csproj", "{911B9745-6FC3-A1B9-B677-4617AA8ABCA2}"
EndProject
Project("{FAE04EC0-301F-11D3-BF4B-00C04F79EFBC}") = "sc.vegetationspawner.editor", "sc.vegetationspawner.editor.csproj", "{5F644E6F-AA6F-09F9-1180-FAAC2B18C28A}"
EndProject
Global
	GlobalSection(SolutionConfigurationPlatforms) = preSolution
		Debug|Any CPU = Debug|Any CPU
		Release|Any CPU = Release|Any CPU
	EndGlobalSection
	GlobalSection(ProjectConfigurationPlatforms) = postSolution
		{47734AAB-56C6-2E3C-EA3B-8E668361635E}.Debug|Any CPU.ActiveCfg = Debug|Any CPU
		{47734AAB-56C6-2E3C-EA3B-8E668361635E}.Debug|Any CPU.Build.0 = Debug|Any CPU
		{47734AAB-56C6-2E3C-EA3B-8E668361635E}.Release|Any CPU.ActiveCfg = Release|Any CPU
		{47734AAB-56C6-2E3C-EA3B-8E668361635E}.Release|Any CPU.Build.0 = Release|Any CPU
		{1653EAB6-35B4-7C49-456C-D4998A7745D4}.Debug|Any CPU.ActiveCfg = Debug|Any CPU
		{1653EAB6-35B4-7C49-456C-D4998A7745D4}.Debug|Any CPU.Build.0 = Debug|Any CPU
		{1653EAB6-35B4-7C49-456C-D4998A7745D4}.Release|Any CPU.ActiveCfg = Release|Any CPU
		{1653EAB6-35B4-7C49-456C-D4998A7745D4}.Release|Any CPU.Build.0 = Release|Any CPU
		{911B9745-6FC3-A1B9-B677-4617AA8ABCA2}.Debug|Any CPU.ActiveCfg = Debug|Any CPU
		{911B9745-6FC3-A1B9-B677-4617AA8ABCA2}.Debug|Any CPU.Build.0 = Debug|Any CPU
		{911B9745-6FC3-A1B9-B677-4617AA8ABCA2}.Release|Any CPU.ActiveCfg = Release|Any CPU
		{911B9745-6FC3-A1B9-B677-4617AA8ABCA2}.Release|Any CPU.Build.0 = Release|Any CPU
		{5F644E6F-AA6F-09F9-1180-FAAC2B18C28A}.Debug|Any CPU.ActiveCfg = Debug|Any CPU
		{5F644E6F-AA6F-09F9-1180-FAAC2B18C28A}.Debug|Any CPU.Build.0 = Debug|Any CPU
		{5F644E6F-AA6F-09F9-1180-FAAC2B18C28A}.Release|Any CPU.ActiveCfg = Release|Any CPU
		{5F644E6F-AA6F-09F9-1180-FAAC2B18C28A}.Release|Any CPU.Build.0 = Release|Any CPU
	EndGlobalSection
	GlobalSection(SolutionProperties) = preSolution
		HideSolutionNode = FALSE
	EndGlobalSection
EndGlobal
